
Microsoft Visual Studio Solution File, Format Version 12.00
# Visual Studio Version 16
VisualStudioVersion = 16.0.29519.181
MinimumVisualStudioVersion = 10.0.40219.1
Project("{FAE04EC0-301F-11D3-BF4B-00C04F79EFBC}") = "OdeToFood.Web", "OdeToFood.Web\OdeToFood.Web.csproj", "{7C7932A4-9D84-4FEB-9D49-416A4CD89549}"
EndProject
Project("{FAE04EC0-301F-11D3-BF4B-00C04F79EFBC}") = "OdeToFood.Data", "OdeToFood.Data\OdeToFood.Data.csproj", "{9A1F8F03-7373-4E26-93D1-A12442BBAC6C}"
EndProject
Global
	GlobalSection(SolutionConfigurationPlatforms) = preSolution
		Debug|Any CPU = Debug|Any CPU
		Release|Any CPU = Release|Any CPU
	EndGlobalSection
	GlobalSection(ProjectConfigurationPlatforms) = postSolution
		{7C7932A4-9D84-4FEB-9D49-416A4CD89549}.Debug|Any CPU.ActiveCfg = Debug|Any CPU
		{7C7932A4-9D84-4FEB-9D49-416A4CD89549}.Debug|Any CPU.Build.0 = Debug|Any CPU
		{7C7932A4-9D84-4FEB-9D49-416A4CD89549}.Release|Any CPU.ActiveCfg = Release|Any CPU
		{7C7932A4-9D84-4FEB-9D49-416A4CD89549}.Release|Any CPU.Build.0 = Release|Any CPU
		{9A1F8F03-7373-4E26-93D1-A12442BBAC6C}.Debug|Any CPU.ActiveCfg = Debug|Any CPU
		{9A1F8F03-7373-4E26-93D1-A12442BBAC6C}.Debug|Any CPU.Build.0 = Debug|Any CPU
		{9A1F8F03-7373-4E26-93D1-A12442BBAC6C}.Release|Any CPU.ActiveCfg = Release|Any CPU
		{9A1F8F03-7373-4E26-93D1-A12442BBAC6C}.Release|Any CPU.Build.0 = Release|Any CPU
	EndGlobalSection
	GlobalSection(SolutionProperties) = preSolution
		HideSolutionNode = FALSE
	EndGlobalSection
	GlobalSection(ExtensibilityGlobals) = postSolution
		SolutionGuid = {A92AD393-CEED-4112-823C-CEE6098F6CF0}
	EndGlobalSection
EndGlobal
